// !$*UTF8*$!
{
	archiveVersion = 1;
	classes = {
	};
	objectVersion = 50;
	objects = {

/* Begin PBXBuildFile section */
		104BD33AD4304EF731301F95 /* Pods_MeloUITests.framework in Frameworks */ = {isa = PBXBuildFile; fileRef = 0DA0DD17F7C0B7972A80D79F /* Pods_MeloUITests.framework */; };
		18FC1BC1006669430007939A /* Pods_Melo.framework in Frameworks */ = {isa = PBXBuildFile; fileRef = AD3682FEBEE0FFB65BC9145C /* Pods_Melo.framework */; };
		469DA6054B779453D383A53C /* Pods_MeloTests.framework in Frameworks */ = {isa = PBXBuildFile; fileRef = 058DC0CAD525DC3E1178A6C2 /* Pods_MeloTests.framework */; };
		F304E7272087DE40006268B8 /* PostTableViewCell.swift in Sources */ = {isa = PBXBuildFile; fileRef = F304E7252087DE40006268B8 /* PostTableViewCell.swift */; };
		F304E7282087DE40006268B8 /* PostTableViewCell.xib in Resources */ = {isa = PBXBuildFile; fileRef = F304E7262087DE40006268B8 /* PostTableViewCell.xib */; };
		F304E7342087ED53006268B8 /* OpenSans-Semibold.ttf in Resources */ = {isa = PBXBuildFile; fileRef = F304E72A2087ED53006268B8 /* OpenSans-Semibold.ttf */; };
		F304E7352087ED53006268B8 /* OpenSans-Light.ttf in Resources */ = {isa = PBXBuildFile; fileRef = F304E72B2087ED53006268B8 /* OpenSans-Light.ttf */; };
		F304E7362087ED53006268B8 /* OpenSans-Italic.ttf in Resources */ = {isa = PBXBuildFile; fileRef = F304E72C2087ED53006268B8 /* OpenSans-Italic.ttf */; };
		F304E7372087ED53006268B8 /* OpenSans-ExtraBold.ttf in Resources */ = {isa = PBXBuildFile; fileRef = F304E72D2087ED53006268B8 /* OpenSans-ExtraBold.ttf */; };
		F304E7382087ED53006268B8 /* OpenSans-LightItalic.ttf in Resources */ = {isa = PBXBuildFile; fileRef = F304E72E2087ED53006268B8 /* OpenSans-LightItalic.ttf */; };
		F304E7392087ED53006268B8 /* OpenSans-Bold.ttf in Resources */ = {isa = PBXBuildFile; fileRef = F304E72F2087ED53006268B8 /* OpenSans-Bold.ttf */; };
		F304E73A2087ED53006268B8 /* OpenSans-SemiboldItalic.ttf in Resources */ = {isa = PBXBuildFile; fileRef = F304E7302087ED53006268B8 /* OpenSans-SemiboldItalic.ttf */; };
		F304E73B2087ED53006268B8 /* OpenSans-ExtraBoldItalic.ttf in Resources */ = {isa = PBXBuildFile; fileRef = F304E7312087ED53006268B8 /* OpenSans-ExtraBoldItalic.ttf */; };
		F304E73C2087ED53006268B8 /* OpenSans-Regular.ttf in Resources */ = {isa = PBXBuildFile; fileRef = F304E7322087ED53006268B8 /* OpenSans-Regular.ttf */; };
		F304E73D2087ED53006268B8 /* OpenSans-BoldItalic.ttf in Resources */ = {isa = PBXBuildFile; fileRef = F304E7332087ED53006268B8 /* OpenSans-BoldItalic.ttf */; };
		F304E7432088375E006268B8 /* HomeViewController.swift in Sources */ = {isa = PBXBuildFile; fileRef = F304E7422088375E006268B8 /* HomeViewController.swift */; };
		F304E7462088D205006268B8 /* Post.swift in Sources */ = {isa = PBXBuildFile; fileRef = F304E7452088D205006268B8 /* Post.swift */; };
		F30A3B3F2091257700577633 /* User.swift in Sources */ = {isa = PBXBuildFile; fileRef = F30A3B3E2091257700577633 /* User.swift */; };
		F30A3B4220915E8F00577633 /* LearnViewController.swift in Sources */ = {isa = PBXBuildFile; fileRef = F30A3B4120915E8F00577633 /* LearnViewController.swift */; };
		F353ABEE2098EC3800DA96F3 /* ViewPostViewController.swift in Sources */ = {isa = PBXBuildFile; fileRef = F353ABED2098EC3800DA96F3 /* ViewPostViewController.swift */; };
		F353ABF2209962FE00DA96F3 /* InputAccessoryView.swift in Sources */ = {isa = PBXBuildFile; fileRef = F353ABF1209962FE00DA96F3 /* InputAccessoryView.swift */; };
		F353ABF42099631000DA96F3 /* InputAccessoryView.xib in Resources */ = {isa = PBXBuildFile; fileRef = F353ABF32099631000DA96F3 /* InputAccessoryView.xib */; };
		F353ABF6209AB11900DA96F3 /* CommentCollectionViewCell.swift in Sources */ = {isa = PBXBuildFile; fileRef = F353ABF5209AB11900DA96F3 /* CommentCollectionViewCell.swift */; };
		F353ABF8209AB7ED00DA96F3 /* Comment.swift in Sources */ = {isa = PBXBuildFile; fileRef = F353ABF7209AB7ED00DA96F3 /* Comment.swift */; };
		F379C8032084F75D00FEC4B9 /* AppDelegate.swift in Sources */ = {isa = PBXBuildFile; fileRef = F379C8022084F75D00FEC4B9 /* AppDelegate.swift */; };
		F379C8082084F75D00FEC4B9 /* Main.storyboard in Resources */ = {isa = PBXBuildFile; fileRef = F379C8062084F75D00FEC4B9 /* Main.storyboard */; };
		F379C80B2084F75D00FEC4B9 /* Melo.xcdatamodeld in Sources */ = {isa = PBXBuildFile; fileRef = F379C8092084F75D00FEC4B9 /* Melo.xcdatamodeld */; };
		F379C80D2084F75E00FEC4B9 /* Assets.xcassets in Resources */ = {isa = PBXBuildFile; fileRef = F379C80C2084F75E00FEC4B9 /* Assets.xcassets */; };
		F379C8102084F75E00FEC4B9 /* LaunchScreen.storyboard in Resources */ = {isa = PBXBuildFile; fileRef = F379C80E2084F75E00FEC4B9 /* LaunchScreen.storyboard */; };
		F379C81B2084F75E00FEC4B9 /* MeloTests.swift in Sources */ = {isa = PBXBuildFile; fileRef = F379C81A2084F75E00FEC4B9 /* MeloTests.swift */; };
		F379C8262084F75E00FEC4B9 /* MeloUITests.swift in Sources */ = {isa = PBXBuildFile; fileRef = F379C8252084F75E00FEC4B9 /* MeloUITests.swift */; };
		F379C8342085109200FEC4B9 /* GoogleService-Info.plist in Resources */ = {isa = PBXBuildFile; fileRef = F379C8332085109200FEC4B9 /* GoogleService-Info.plist */; };
		F39018F02093C4010012BB33 /* NewNoteViewController.swift in Sources */ = {isa = PBXBuildFile; fileRef = F39018EF2093C4010012BB33 /* NewNoteViewController.swift */; };
		F39018F22093C7D90012BB33 /* EmojiData.swift in Sources */ = {isa = PBXBuildFile; fileRef = F39018F12093C7D90012BB33 /* EmojiData.swift */; };
		F39018F42093C9CD0012BB33 /* EmojiCollectionViewCell.swift in Sources */ = {isa = PBXBuildFile; fileRef = F39018F32093C9CD0012BB33 /* EmojiCollectionViewCell.swift */; };
		F39018FA2093DD6C0012BB33 /* NewNoteEntryViewController.swift in Sources */ = {isa = PBXBuildFile; fileRef = F39018F92093DD6C0012BB33 /* NewNoteEntryViewController.swift */; };
		F39018FD209502EB0012BB33 /* UserService.swift in Sources */ = {isa = PBXBuildFile; fileRef = F39018FC209502EB0012BB33 /* UserService.swift */; };
		F3B6DE23208A340B00CBD719 /* MenuViewController.swift in Sources */ = {isa = PBXBuildFile; fileRef = F3B6DE22208A340B00CBD719 /* MenuViewController.swift */; };
		F3B6DE29208A554C00CBD719 /* HelperExtensions.swift in Sources */ = {isa = PBXBuildFile; fileRef = F3B6DE28208A554C00CBD719 /* HelperExtensions.swift */; };
		F3B6DE2B208A575A00CBD719 /* LoginViewController.swift in Sources */ = {isa = PBXBuildFile; fileRef = F3B6DE2A208A575A00CBD719 /* LoginViewController.swift */; };
		F3B6DE2D208A580300CBD719 /* SignUpViewController.swift in Sources */ = {isa = PBXBuildFile; fileRef = F3B6DE2C208A580300CBD719 /* SignUpViewController.swift */; };
		F3B6DE2F208A908500CBD719 /* RoundedWhiteButton.swift in Sources */ = {isa = PBXBuildFile; fileRef = F3B6DE2E208A908500CBD719 /* RoundedWhiteButton.swift */; };
		F3B6DE31208A99D400CBD719 /* ProfileViewController.swift in Sources */ = {isa = PBXBuildFile; fileRef = F3B6DE30208A99D400CBD719 /* ProfileViewController.swift */; };
/* End PBXBuildFile section */

/* Begin PBXContainerItemProxy section */
		F379C8172084F75E00FEC4B9 /* PBXContainerItemProxy */ = {
			isa = PBXContainerItemProxy;
			containerPortal = F379C7F72084F75D00FEC4B9 /* Project object */;
			proxyType = 1;
			remoteGlobalIDString = F379C7FE2084F75D00FEC4B9;
			remoteInfo = Melo;
		};
		F379C8222084F75E00FEC4B9 /* PBXContainerItemProxy */ = {
			isa = PBXContainerItemProxy;
			containerPortal = F379C7F72084F75D00FEC4B9 /* Project object */;
			proxyType = 1;
			remoteGlobalIDString = F379C7FE2084F75D00FEC4B9;
			remoteInfo = Melo;
		};
/* End PBXContainerItemProxy section */

/* Begin PBXFileReference section */
		058DC0CAD525DC3E1178A6C2 /* Pods_MeloTests.framework */ = {isa = PBXFileReference; explicitFileType = wrapper.framework; includeInIndex = 0; path = Pods_MeloTests.framework; sourceTree = BUILT_PRODUCTS_DIR; };
		07C52B08B1328D0D55F3499A /* Pods-MeloTests.debug.xcconfig */ = {isa = PBXFileReference; includeInIndex = 1; lastKnownFileType = text.xcconfig; name = "Pods-MeloTests.debug.xcconfig"; path = "Pods/Target Support Files/Pods-MeloTests/Pods-MeloTests.debug.xcconfig"; sourceTree = "<group>"; };
		08D06821EDA771E686ED42BB /* Pods-Melo.release.xcconfig */ = {isa = PBXFileReference; includeInIndex = 1; lastKnownFileType = text.xcconfig; name = "Pods-Melo.release.xcconfig"; path = "Pods/Target Support Files/Pods-Melo/Pods-Melo.release.xcconfig"; sourceTree = "<group>"; };
		0DA0DD17F7C0B7972A80D79F /* Pods_MeloUITests.framework */ = {isa = PBXFileReference; explicitFileType = wrapper.framework; includeInIndex = 0; path = Pods_MeloUITests.framework; sourceTree = BUILT_PRODUCTS_DIR; };
		400A0773A44729A0C020BED1 /* Pods-MeloUITests.release.xcconfig */ = {isa = PBXFileReference; includeInIndex = 1; lastKnownFileType = text.xcconfig; name = "Pods-MeloUITests.release.xcconfig"; path = "Pods/Target Support Files/Pods-MeloUITests/Pods-MeloUITests.release.xcconfig"; sourceTree = "<group>"; };
		5AF5DAB14761285244CCD7B7 /* Pods-Melo.debug.xcconfig */ = {isa = PBXFileReference; includeInIndex = 1; lastKnownFileType = text.xcconfig; name = "Pods-Melo.debug.xcconfig"; path = "Pods/Target Support Files/Pods-Melo/Pods-Melo.debug.xcconfig"; sourceTree = "<group>"; };
		7A3843AE5DD8425ECA29A4A2 /* Pods-MeloTests.release.xcconfig */ = {isa = PBXFileReference; includeInIndex = 1; lastKnownFileType = text.xcconfig; name = "Pods-MeloTests.release.xcconfig"; path = "Pods/Target Support Files/Pods-MeloTests/Pods-MeloTests.release.xcconfig"; sourceTree = "<group>"; };
		894886F9B06893BEEB0BF7E0 /* Pods-MeloUITests.debug.xcconfig */ = {isa = PBXFileReference; includeInIndex = 1; lastKnownFileType = text.xcconfig; name = "Pods-MeloUITests.debug.xcconfig"; path = "Pods/Target Support Files/Pods-MeloUITests/Pods-MeloUITests.debug.xcconfig"; sourceTree = "<group>"; };
		AD3682FEBEE0FFB65BC9145C /* Pods_Melo.framework */ = {isa = PBXFileReference; explicitFileType = wrapper.framework; includeInIndex = 0; path = Pods_Melo.framework; sourceTree = BUILT_PRODUCTS_DIR; };
		F304E7252087DE40006268B8 /* PostTableViewCell.swift */ = {isa = PBXFileReference; lastKnownFileType = sourcecode.swift; path = PostTableViewCell.swift; sourceTree = "<group>"; };
		F304E7262087DE40006268B8 /* PostTableViewCell.xib */ = {isa = PBXFileReference; lastKnownFileType = file.xib; path = PostTableViewCell.xib; sourceTree = "<group>"; };
		F304E72A2087ED53006268B8 /* OpenSans-Semibold.ttf */ = {isa = PBXFileReference; lastKnownFileType = file; path = "OpenSans-Semibold.ttf"; sourceTree = "<group>"; };
		F304E72B2087ED53006268B8 /* OpenSans-Light.ttf */ = {isa = PBXFileReference; lastKnownFileType = file; path = "OpenSans-Light.ttf"; sourceTree = "<group>"; };
		F304E72C2087ED53006268B8 /* OpenSans-Italic.ttf */ = {isa = PBXFileReference; lastKnownFileType = file; path = "OpenSans-Italic.ttf"; sourceTree = "<group>"; };
		F304E72D2087ED53006268B8 /* OpenSans-ExtraBold.ttf */ = {isa = PBXFileReference; lastKnownFileType = file; path = "OpenSans-ExtraBold.ttf"; sourceTree = "<group>"; };
		F304E72E2087ED53006268B8 /* OpenSans-LightItalic.ttf */ = {isa = PBXFileReference; lastKnownFileType = file; path = "OpenSans-LightItalic.ttf"; sourceTree = "<group>"; };
		F304E72F2087ED53006268B8 /* OpenSans-Bold.ttf */ = {isa = PBXFileReference; lastKnownFileType = file; path = "OpenSans-Bold.ttf"; sourceTree = "<group>"; };
		F304E7302087ED53006268B8 /* OpenSans-SemiboldItalic.ttf */ = {isa = PBXFileReference; lastKnownFileType = file; path = "OpenSans-SemiboldItalic.ttf"; sourceTree = "<group>"; };
		F304E7312087ED53006268B8 /* OpenSans-ExtraBoldItalic.ttf */ = {isa = PBXFileReference; lastKnownFileType = file; path = "OpenSans-ExtraBoldItalic.ttf"; sourceTree = "<group>"; };
		F304E7322087ED53006268B8 /* OpenSans-Regular.ttf */ = {isa = PBXFileReference; lastKnownFileType = file; path = "OpenSans-Regular.ttf"; sourceTree = "<group>"; };
		F304E7332087ED53006268B8 /* OpenSans-BoldItalic.ttf */ = {isa = PBXFileReference; lastKnownFileType = file; path = "OpenSans-BoldItalic.ttf"; sourceTree = "<group>"; };
		F304E7422088375E006268B8 /* HomeViewController.swift */ = {isa = PBXFileReference; lastKnownFileType = sourcecode.swift; path = HomeViewController.swift; sourceTree = "<group>"; };
		F304E7452088D205006268B8 /* Post.swift */ = {isa = PBXFileReference; lastKnownFileType = sourcecode.swift; path = Post.swift; sourceTree = "<group>"; };
		F30A3B3E2091257700577633 /* User.swift */ = {isa = PBXFileReference; lastKnownFileType = sourcecode.swift; path = User.swift; sourceTree = "<group>"; };
		F30A3B4120915E8F00577633 /* LearnViewController.swift */ = {isa = PBXFileReference; lastKnownFileType = sourcecode.swift; path = LearnViewController.swift; sourceTree = "<group>"; };
		F353ABED2098EC3800DA96F3 /* ViewPostViewController.swift */ = {isa = PBXFileReference; lastKnownFileType = sourcecode.swift; path = ViewPostViewController.swift; sourceTree = "<group>"; };
		F353ABF1209962FE00DA96F3 /* InputAccessoryView.swift */ = {isa = PBXFileReference; lastKnownFileType = sourcecode.swift; path = InputAccessoryView.swift; sourceTree = "<group>"; };
		F353ABF32099631000DA96F3 /* InputAccessoryView.xib */ = {isa = PBXFileReference; lastKnownFileType = file.xib; path = InputAccessoryView.xib; sourceTree = "<group>"; };
		F353ABF5209AB11900DA96F3 /* CommentCollectionViewCell.swift */ = {isa = PBXFileReference; lastKnownFileType = sourcecode.swift; path = CommentCollectionViewCell.swift; sourceTree = "<group>"; };
		F353ABF7209AB7ED00DA96F3 /* Comment.swift */ = {isa = PBXFileReference; lastKnownFileType = sourcecode.swift; path = Comment.swift; sourceTree = "<group>"; };
		F379C7FF2084F75D00FEC4B9 /* Melo.app */ = {isa = PBXFileReference; explicitFileType = wrapper.application; includeInIndex = 0; path = Melo.app; sourceTree = BUILT_PRODUCTS_DIR; };
		F379C8022084F75D00FEC4B9 /* AppDelegate.swift */ = {isa = PBXFileReference; lastKnownFileType = sourcecode.swift; path = AppDelegate.swift; sourceTree = "<group>"; };
		F379C8072084F75D00FEC4B9 /* Base */ = {isa = PBXFileReference; lastKnownFileType = file.storyboard; name = Base; path = Base.lproj/Main.storyboard; sourceTree = "<group>"; };
		F379C80A2084F75D00FEC4B9 /* Melo.xcdatamodel */ = {isa = PBXFileReference; lastKnownFileType = wrapper.xcdatamodel; path = Melo.xcdatamodel; sourceTree = "<group>"; };
		F379C80C2084F75E00FEC4B9 /* Assets.xcassets */ = {isa = PBXFileReference; lastKnownFileType = folder.assetcatalog; path = Assets.xcassets; sourceTree = "<group>"; };
		F379C80F2084F75E00FEC4B9 /* Base */ = {isa = PBXFileReference; lastKnownFileType = file.storyboard; name = Base; path = Base.lproj/LaunchScreen.storyboard; sourceTree = "<group>"; };
		F379C8112084F75E00FEC4B9 /* Info.plist */ = {isa = PBXFileReference; lastKnownFileType = text.plist.xml; path = Info.plist; sourceTree = "<group>"; };
		F379C8162084F75E00FEC4B9 /* MeloTests.xctest */ = {isa = PBXFileReference; explicitFileType = wrapper.cfbundle; includeInIndex = 0; path = MeloTests.xctest; sourceTree = BUILT_PRODUCTS_DIR; };
		F379C81A2084F75E00FEC4B9 /* MeloTests.swift */ = {isa = PBXFileReference; lastKnownFileType = sourcecode.swift; path = MeloTests.swift; sourceTree = "<group>"; };
		F379C81C2084F75E00FEC4B9 /* Info.plist */ = {isa = PBXFileReference; lastKnownFileType = text.plist.xml; path = Info.plist; sourceTree = "<group>"; };
		F379C8212084F75E00FEC4B9 /* MeloUITests.xctest */ = {isa = PBXFileReference; explicitFileType = wrapper.cfbundle; includeInIndex = 0; path = MeloUITests.xctest; sourceTree = BUILT_PRODUCTS_DIR; };
		F379C8252084F75E00FEC4B9 /* MeloUITests.swift */ = {isa = PBXFileReference; lastKnownFileType = sourcecode.swift; path = MeloUITests.swift; sourceTree = "<group>"; };
		F379C8272084F75E00FEC4B9 /* Info.plist */ = {isa = PBXFileReference; lastKnownFileType = text.plist.xml; path = Info.plist; sourceTree = "<group>"; };
		F379C8332085109200FEC4B9 /* GoogleService-Info.plist */ = {isa = PBXFileReference; fileEncoding = 4; lastKnownFileType = text.plist.xml; path = "GoogleService-Info.plist"; sourceTree = "<group>"; };
		F39018EF2093C4010012BB33 /* NewNoteViewController.swift */ = {isa = PBXFileReference; lastKnownFileType = sourcecode.swift; path = NewNoteViewController.swift; sourceTree = "<group>"; };
		F39018F12093C7D90012BB33 /* EmojiData.swift */ = {isa = PBXFileReference; lastKnownFileType = sourcecode.swift; path = EmojiData.swift; sourceTree = "<group>"; };
		F39018F32093C9CD0012BB33 /* EmojiCollectionViewCell.swift */ = {isa = PBXFileReference; lastKnownFileType = sourcecode.swift; path = EmojiCollectionViewCell.swift; sourceTree = "<group>"; };
		F39018F92093DD6C0012BB33 /* NewNoteEntryViewController.swift */ = {isa = PBXFileReference; lastKnownFileType = sourcecode.swift; path = NewNoteEntryViewController.swift; sourceTree = "<group>"; };
		F39018FC209502EB0012BB33 /* UserService.swift */ = {isa = PBXFileReference; lastKnownFileType = sourcecode.swift; path = UserService.swift; sourceTree = "<group>"; };
		F3B6DE22208A340B00CBD719 /* MenuViewController.swift */ = {isa = PBXFileReference; lastKnownFileType = sourcecode.swift; path = MenuViewController.swift; sourceTree = "<group>"; };
		F3B6DE28208A554C00CBD719 /* HelperExtensions.swift */ = {isa = PBXFileReference; lastKnownFileType = sourcecode.swift; path = HelperExtensions.swift; sourceTree = "<group>"; };
		F3B6DE2A208A575A00CBD719 /* LoginViewController.swift */ = {isa = PBXFileReference; lastKnownFileType = sourcecode.swift; path = LoginViewController.swift; sourceTree = "<group>"; };
		F3B6DE2C208A580300CBD719 /* SignUpViewController.swift */ = {isa = PBXFileReference; lastKnownFileType = sourcecode.swift; path = SignUpViewController.swift; sourceTree = "<group>"; };
		F3B6DE2E208A908500CBD719 /* RoundedWhiteButton.swift */ = {isa = PBXFileReference; lastKnownFileType = sourcecode.swift; path = RoundedWhiteButton.swift; sourceTree = "<group>"; };
		F3B6DE30208A99D400CBD719 /* ProfileViewController.swift */ = {isa = PBXFileReference; lastKnownFileType = sourcecode.swift; path = ProfileViewController.swift; sourceTree = "<group>"; };
/* End PBXFileReference section */

/* Begin PBXFrameworksBuildPhase section */
		F379C7FC2084F75D00FEC4B9 /* Frameworks */ = {
			isa = PBXFrameworksBuildPhase;
			buildActionMask = 2147483647;
			files = (
				18FC1BC1006669430007939A /* Pods_Melo.framework in Frameworks */,
			);
			runOnlyForDeploymentPostprocessing = 0;
		};
		F379C8132084F75E00FEC4B9 /* Frameworks */ = {
			isa = PBXFrameworksBuildPhase;
			buildActionMask = 2147483647;
			files = (
				469DA6054B779453D383A53C /* Pods_MeloTests.framework in Frameworks */,
			);
			runOnlyForDeploymentPostprocessing = 0;
		};
		F379C81E2084F75E00FEC4B9 /* Frameworks */ = {
			isa = PBXFrameworksBuildPhase;
			buildActionMask = 2147483647;
			files = (
				104BD33AD4304EF731301F95 /* Pods_MeloUITests.framework in Frameworks */,
			);
			runOnlyForDeploymentPostprocessing = 0;
		};
/* End PBXFrameworksBuildPhase section */

/* Begin PBXGroup section */
		01B014594412F7E4C81847BC /* Pods */ = {
			isa = PBXGroup;
			children = (
				5AF5DAB14761285244CCD7B7 /* Pods-Melo.debug.xcconfig */,
				08D06821EDA771E686ED42BB /* Pods-Melo.release.xcconfig */,
				07C52B08B1328D0D55F3499A /* Pods-MeloTests.debug.xcconfig */,
				7A3843AE5DD8425ECA29A4A2 /* Pods-MeloTests.release.xcconfig */,
				894886F9B06893BEEB0BF7E0 /* Pods-MeloUITests.debug.xcconfig */,
				400A0773A44729A0C020BED1 /* Pods-MeloUITests.release.xcconfig */,
			);
			name = Pods;
			sourceTree = "<group>";
		};
		206740B1D6327BAD7CBF30AA /* Frameworks */ = {
			isa = PBXGroup;
			children = (
				AD3682FEBEE0FFB65BC9145C /* Pods_Melo.framework */,
				058DC0CAD525DC3E1178A6C2 /* Pods_MeloTests.framework */,
				0DA0DD17F7C0B7972A80D79F /* Pods_MeloUITests.framework */,
			);
			name = Frameworks;
			sourceTree = "<group>";
		};
		F304E7292087ED53006268B8 /* Fonts */ = {
			isa = PBXGroup;
			children = (
				F304E72A2087ED53006268B8 /* OpenSans-Semibold.ttf */,
				F304E72B2087ED53006268B8 /* OpenSans-Light.ttf */,
				F304E72C2087ED53006268B8 /* OpenSans-Italic.ttf */,
				F304E72D2087ED53006268B8 /* OpenSans-ExtraBold.ttf */,
				F304E72E2087ED53006268B8 /* OpenSans-LightItalic.ttf */,
				F304E72F2087ED53006268B8 /* OpenSans-Bold.ttf */,
				F304E7302087ED53006268B8 /* OpenSans-SemiboldItalic.ttf */,
				F304E7312087ED53006268B8 /* OpenSans-ExtraBoldItalic.ttf */,
				F304E7322087ED53006268B8 /* OpenSans-Regular.ttf */,
				F304E7332087ED53006268B8 /* OpenSans-BoldItalic.ttf */,
			);
			path = Fonts;
			sourceTree = "<group>";
		};
		F304E7442088D1BF006268B8 /* Models */ = {
			isa = PBXGroup;
			children = (
				F39018F12093C7D90012BB33 /* EmojiData.swift */,
				F304E7452088D205006268B8 /* Post.swift */,
				F30A3B3E2091257700577633 /* User.swift */,
				F39018FC209502EB0012BB33 /* UserService.swift */,
				F353ABF7209AB7ED00DA96F3 /* Comment.swift */,
			);
			path = Models;
			sourceTree = "<group>";
		};
		F30A3B402091425300577633 /* Login */ = {
			isa = PBXGroup;
			children = (
				F3B6DE22208A340B00CBD719 /* MenuViewController.swift */,
				F3B6DE2C208A580300CBD719 /* SignUpViewController.swift */,
				F3B6DE2A208A575A00CBD719 /* LoginViewController.swift */,
			);
			path = Login;
			sourceTree = "<group>";
		};
		F379C7F62084F75D00FEC4B9 = {
			isa = PBXGroup;
			children = (
				F379C8012084F75D00FEC4B9 /* Melo */,
				F379C8192084F75E00FEC4B9 /* MeloTests */,
				F379C8242084F75E00FEC4B9 /* MeloUITests */,
				F304E7292087ED53006268B8 /* Fonts */,
				F379C8002084F75D00FEC4B9 /* Products */,
				01B014594412F7E4C81847BC /* Pods */,
				206740B1D6327BAD7CBF30AA /* Frameworks */,
			);
			sourceTree = "<group>";
		};
		F379C8002084F75D00FEC4B9 /* Products */ = {
			isa = PBXGroup;
			children = (
				F379C7FF2084F75D00FEC4B9 /* Melo.app */,
				F379C8162084F75E00FEC4B9 /* MeloTests.xctest */,
				F379C8212084F75E00FEC4B9 /* MeloUITests.xctest */,
			);
			name = Products;
			sourceTree = "<group>";
		};
		F379C8012084F75D00FEC4B9 /* Melo */ = {
			isa = PBXGroup;
			children = (
				F379C8022084F75D00FEC4B9 /* AppDelegate.swift */,
				F379C8062084F75D00FEC4B9 /* Main.storyboard */,
				F30A3B402091425300577633 /* Login */,
				F3C5FDF4209B8EDC00DDF415 /* Feed */,
				F353ABF1209962FE00DA96F3 /* InputAccessoryView.swift */,
				F353ABF32099631000DA96F3 /* InputAccessoryView.xib */,
				F30A3B4120915E8F00577633 /* LearnViewController.swift */,
				F39018FB2093DDA70012BB33 /* New Note */,
				F3B6DE30208A99D400CBD719 /* ProfileViewController.swift */,
				F3B6DE28208A554C00CBD719 /* HelperExtensions.swift */,
				F3B6DE2E208A908500CBD719 /* RoundedWhiteButton.swift */,
				F379C80C2084F75E00FEC4B9 /* Assets.xcassets */,
				F379C80E2084F75E00FEC4B9 /* LaunchScreen.storyboard */,
				F304E7442088D1BF006268B8 /* Models */,
				F379C8092084F75D00FEC4B9 /* Melo.xcdatamodeld */,
				F379C8112084F75E00FEC4B9 /* Info.plist */,
				F379C8332085109200FEC4B9 /* GoogleService-Info.plist */,
			);
			path = Melo;
			sourceTree = "<group>";
		};
		F379C8192084F75E00FEC4B9 /* MeloTests */ = {
			isa = PBXGroup;
			children = (
				F379C81A2084F75E00FEC4B9 /* MeloTests.swift */,
				F379C81C2084F75E00FEC4B9 /* Info.plist */,
			);
			path = MeloTests;
			sourceTree = "<group>";
		};
		F379C8242084F75E00FEC4B9 /* MeloUITests */ = {
			isa = PBXGroup;
			children = (
				F379C8252084F75E00FEC4B9 /* MeloUITests.swift */,
				F379C8272084F75E00FEC4B9 /* Info.plist */,
			);
			path = MeloUITests;
			sourceTree = "<group>";
		};
		F39018FB2093DDA70012BB33 /* New Note */ = {
			isa = PBXGroup;
			children = (
				F39018EF2093C4010012BB33 /* NewNoteViewController.swift */,
				F39018F92093DD6C0012BB33 /* NewNoteEntryViewController.swift */,
				F39018F32093C9CD0012BB33 /* EmojiCollectionViewCell.swift */,
			);
			path = "New Note";
			sourceTree = "<group>";
		};
		F3C5FDF4209B8EDC00DDF415 /* Feed */ = {
			isa = PBXGroup;
			children = (
				F304E7422088375E006268B8 /* HomeViewController.swift */,
				F304E7252087DE40006268B8 /* PostTableViewCell.swift */,
				F304E7262087DE40006268B8 /* PostTableViewCell.xib */,
				F353ABED2098EC3800DA96F3 /* ViewPostViewController.swift */,
				F353ABF5209AB11900DA96F3 /* CommentCollectionViewCell.swift */,
			);
			path = Feed;
			sourceTree = "<group>";
		};
/* End PBXGroup section */

/* Begin PBXNativeTarget section */
		F379C7FE2084F75D00FEC4B9 /* Melo */ = {
			isa = PBXNativeTarget;
			buildConfigurationList = F379C82A2084F75E00FEC4B9 /* Build configuration list for PBXNativeTarget "Melo" */;
			buildPhases = (
				C323EE6458AC7547A7F77498 /* [CP] Check Pods Manifest.lock */,
				F379C7FB2084F75D00FEC4B9 /* Sources */,
				F379C7FC2084F75D00FEC4B9 /* Frameworks */,
				F379C7FD2084F75D00FEC4B9 /* Resources */,
				CC29C18F1B2F1B54FCB2F8FE /* [CP] Embed Pods Frameworks */,
			);
			buildRules = (
			);
			dependencies = (
			);
			name = Melo;
			productName = Melo;
			productReference = F379C7FF2084F75D00FEC4B9 /* Melo.app */;
			productType = "com.apple.product-type.application";
		};
		F379C8152084F75E00FEC4B9 /* MeloTests */ = {
			isa = PBXNativeTarget;
			buildConfigurationList = F379C82D2084F75E00FEC4B9 /* Build configuration list for PBXNativeTarget "MeloTests" */;
			buildPhases = (
				F5502593A4BBE96B96D9CEEA /* [CP] Check Pods Manifest.lock */,
				F379C8122084F75E00FEC4B9 /* Sources */,
				F379C8132084F75E00FEC4B9 /* Frameworks */,
				F379C8142084F75E00FEC4B9 /* Resources */,
			);
			buildRules = (
			);
			dependencies = (
				F379C8182084F75E00FEC4B9 /* PBXTargetDependency */,
			);
			name = MeloTests;
			productName = MeloTests;
			productReference = F379C8162084F75E00FEC4B9 /* MeloTests.xctest */;
			productType = "com.apple.product-type.bundle.unit-test";
		};
		F379C8202084F75E00FEC4B9 /* MeloUITests */ = {
			isa = PBXNativeTarget;
			buildConfigurationList = F379C8302084F75E00FEC4B9 /* Build configuration list for PBXNativeTarget "MeloUITests" */;
			buildPhases = (
				1C33983C668D8D3A1D9C0C3B /* [CP] Check Pods Manifest.lock */,
				F379C81D2084F75E00FEC4B9 /* Sources */,
				F379C81E2084F75E00FEC4B9 /* Frameworks */,
				F379C81F2084F75E00FEC4B9 /* Resources */,
			);
			buildRules = (
			);
			dependencies = (
				F379C8232084F75E00FEC4B9 /* PBXTargetDependency */,
			);
			name = MeloUITests;
			productName = MeloUITests;
			productReference = F379C8212084F75E00FEC4B9 /* MeloUITests.xctest */;
			productType = "com.apple.product-type.bundle.ui-testing";
		};
/* End PBXNativeTarget section */

/* Begin PBXProject section */
		F379C7F72084F75D00FEC4B9 /* Project object */ = {
			isa = PBXProject;
			attributes = {
				LastSwiftUpdateCheck = 0930;
				LastUpgradeCheck = 0930;
				ORGANIZATIONNAME = "Dipali Bajaj";
				TargetAttributes = {
					F379C7FE2084F75D00FEC4B9 = {
						CreatedOnToolsVersion = 9.3;
					};
					F379C8152084F75E00FEC4B9 = {
						CreatedOnToolsVersion = 9.3;
						TestTargetID = F379C7FE2084F75D00FEC4B9;
					};
					F379C8202084F75E00FEC4B9 = {
						CreatedOnToolsVersion = 9.3;
						TestTargetID = F379C7FE2084F75D00FEC4B9;
					};
				};
			};
			buildConfigurationList = F379C7FA2084F75D00FEC4B9 /* Build configuration list for PBXProject "Melo" */;
			compatibilityVersion = "Xcode 9.3";
			developmentRegion = en;
			hasScannedForEncodings = 0;
			knownRegions = (
				en,
				Base,
			);
			mainGroup = F379C7F62084F75D00FEC4B9;
			productRefGroup = F379C8002084F75D00FEC4B9 /* Products */;
			projectDirPath = "";
			projectRoot = "";
			targets = (
				F379C7FE2084F75D00FEC4B9 /* Melo */,
				F379C8152084F75E00FEC4B9 /* MeloTests */,
				F379C8202084F75E00FEC4B9 /* MeloUITests */,
			);
		};
/* End PBXProject section */

/* Begin PBXResourcesBuildPhase section */
		F379C7FD2084F75D00FEC4B9 /* Resources */ = {
			isa = PBXResourcesBuildPhase;
			buildActionMask = 2147483647;
			files = (
				F304E7392087ED53006268B8 /* OpenSans-Bold.ttf in Resources */,
				F304E7342087ED53006268B8 /* OpenSans-Semibold.ttf in Resources */,
				F304E7362087ED53006268B8 /* OpenSans-Italic.ttf in Resources */,
				F304E7372087ED53006268B8 /* OpenSans-ExtraBold.ttf in Resources */,
				F304E73A2087ED53006268B8 /* OpenSans-SemiboldItalic.ttf in Resources */,
				F379C8102084F75E00FEC4B9 /* LaunchScreen.storyboard in Resources */,
				F304E7382087ED53006268B8 /* OpenSans-LightItalic.ttf in Resources */,
				F304E7352087ED53006268B8 /* OpenSans-Light.ttf in Resources */,
				F304E7282087DE40006268B8 /* PostTableViewCell.xib in Resources */,
				F304E73D2087ED53006268B8 /* OpenSans-BoldItalic.ttf in Resources */,
				F304E73B2087ED53006268B8 /* OpenSans-ExtraBoldItalic.ttf in Resources */,
				F304E73C2087ED53006268B8 /* OpenSans-Regular.ttf in Resources */,
				F379C8342085109200FEC4B9 /* GoogleService-Info.plist in Resources */,
				F379C80D2084F75E00FEC4B9 /* Assets.xcassets in Resources */,
				F353ABF42099631000DA96F3 /* InputAccessoryView.xib in Resources */,
				F379C8082084F75D00FEC4B9 /* Main.storyboard in Resources */,
			);
			runOnlyForDeploymentPostprocessing = 0;
		};
		F379C8142084F75E00FEC4B9 /* Resources */ = {
			isa = PBXResourcesBuildPhase;
			buildActionMask = 2147483647;
			files = (
			);
			runOnlyForDeploymentPostprocessing = 0;
		};
		F379C81F2084F75E00FEC4B9 /* Resources */ = {
			isa = PBXResourcesBuildPhase;
			buildActionMask = 2147483647;
			files = (
			);
			runOnlyForDeploymentPostprocessing = 0;
		};
/* End PBXResourcesBuildPhase section */

/* Begin PBXShellScriptBuildPhase section */
		1C33983C668D8D3A1D9C0C3B /* [CP] Check Pods Manifest.lock */ = {
			isa = PBXShellScriptBuildPhase;
			buildActionMask = 2147483647;
			files = (
			);
			inputPaths = (
				"${PODS_PODFILE_DIR_PATH}/Podfile.lock",
				"${PODS_ROOT}/Manifest.lock",
			);
			name = "[CP] Check Pods Manifest.lock";
			outputPaths = (
				"$(DERIVED_FILE_DIR)/Pods-MeloUITests-checkManifestLockResult.txt",
			);
			runOnlyForDeploymentPostprocessing = 0;
			shellPath = /bin/sh;
			shellScript = "diff \"${PODS_PODFILE_DIR_PATH}/Podfile.lock\" \"${PODS_ROOT}/Manifest.lock\" > /dev/null\nif [ $? != 0 ] ; then\n    # print error to STDERR\n    echo \"error: The sandbox is not in sync with the Podfile.lock. Run 'pod install' or update your CocoaPods installation.\" >&2\n    exit 1\nfi\n# This output is used by Xcode 'outputs' to avoid re-running this script phase.\necho \"SUCCESS\" > \"${SCRIPT_OUTPUT_FILE_0}\"\n";
			showEnvVarsInLog = 0;
		};
		C323EE6458AC7547A7F77498 /* [CP] Check Pods Manifest.lock */ = {
			isa = PBXShellScriptBuildPhase;
			buildActionMask = 2147483647;
			files = (
			);
			inputPaths = (
				"${PODS_PODFILE_DIR_PATH}/Podfile.lock",
				"${PODS_ROOT}/Manifest.lock",
			);
			name = "[CP] Check Pods Manifest.lock";
			outputPaths = (
				"$(DERIVED_FILE_DIR)/Pods-Melo-checkManifestLockResult.txt",
			);
			runOnlyForDeploymentPostprocessing = 0;
			shellPath = /bin/sh;
			shellScript = "diff \"${PODS_PODFILE_DIR_PATH}/Podfile.lock\" \"${PODS_ROOT}/Manifest.lock\" > /dev/null\nif [ $? != 0 ] ; then\n    # print error to STDERR\n    echo \"error: The sandbox is not in sync with the Podfile.lock. Run 'pod install' or update your CocoaPods installation.\" >&2\n    exit 1\nfi\n# This output is used by Xcode 'outputs' to avoid re-running this script phase.\necho \"SUCCESS\" > \"${SCRIPT_OUTPUT_FILE_0}\"\n";
			showEnvVarsInLog = 0;
		};
		CC29C18F1B2F1B54FCB2F8FE /* [CP] Embed Pods Frameworks */ = {
			isa = PBXShellScriptBuildPhase;
			buildActionMask = 2147483647;
			files = (
			);
			inputPaths = (
				"${SRCROOT}/Pods/Target Support Files/Pods-Melo/Pods-Melo-frameworks.sh",
				"${BUILT_PRODUCTS_DIR}/GTMSessionFetcher/GTMSessionFetcher.framework",
				"${BUILT_PRODUCTS_DIR}/GoogleToolboxForMac/GoogleToolboxForMac.framework",
				"${BUILT_PRODUCTS_DIR}/leveldb-library/leveldb.framework",
				"${BUILT_PRODUCTS_DIR}/nanopb/nanopb.framework",
			);
			name = "[CP] Embed Pods Frameworks";
			outputPaths = (
				"${TARGET_BUILD_DIR}/${FRAMEWORKS_FOLDER_PATH}/GTMSessionFetcher.framework",
				"${TARGET_BUILD_DIR}/${FRAMEWORKS_FOLDER_PATH}/GoogleToolboxForMac.framework",
				"${TARGET_BUILD_DIR}/${FRAMEWORKS_FOLDER_PATH}/leveldb.framework",
				"${TARGET_BUILD_DIR}/${FRAMEWORKS_FOLDER_PATH}/nanopb.framework",
			);
			runOnlyForDeploymentPostprocessing = 0;
			shellPath = /bin/sh;
			shellScript = "\"${SRCROOT}/Pods/Target Support Files/Pods-Melo/Pods-Melo-frameworks.sh\"\n";
			showEnvVarsInLog = 0;
		};
		F5502593A4BBE96B96D9CEEA /* [CP] Check Pods Manifest.lock */ = {
			isa = PBXShellScriptBuildPhase;
			buildActionMask = 2147483647;
			files = (
			);
			inputPaths = (
				"${PODS_PODFILE_DIR_PATH}/Podfile.lock",
				"${PODS_ROOT}/Manifest.lock",
			);
			name = "[CP] Check Pods Manifest.lock";
			outputPaths = (
				"$(DERIVED_FILE_DIR)/Pods-MeloTests-checkManifestLockResult.txt",
			);
			runOnlyForDeploymentPostprocessing = 0;
			shellPath = /bin/sh;
			shellScript = "diff \"${PODS_PODFILE_DIR_PATH}/Podfile.lock\" \"${PODS_ROOT}/Manifest.lock\" > /dev/null\nif [ $? != 0 ] ; then\n    # print error to STDERR\n    echo \"error: The sandbox is not in sync with the Podfile.lock. Run 'pod install' or update your CocoaPods installation.\" >&2\n    exit 1\nfi\n# This output is used by Xcode 'outputs' to avoid re-running this script phase.\necho \"SUCCESS\" > \"${SCRIPT_OUTPUT_FILE_0}\"\n";
			showEnvVarsInLog = 0;
		};
/* End PBXShellScriptBuildPhase section */

/* Begin PBXSourcesBuildPhase section */
		F379C7FB2084F75D00FEC4B9 /* Sources */ = {
			isa = PBXSourcesBuildPhase;
			buildActionMask = 2147483647;
			files = (
				F3B6DE29208A554C00CBD719 /* HelperExtensions.swift in Sources */,
				F3B6DE2F208A908500CBD719 /* RoundedWhiteButton.swift in Sources */,
				F39018FD209502EB0012BB33 /* UserService.swift in Sources */,
				F379C8032084F75D00FEC4B9 /* AppDelegate.swift in Sources */,
				F39018F42093C9CD0012BB33 /* EmojiCollectionViewCell.swift in Sources */,
				F3B6DE23208A340B00CBD719 /* MenuViewController.swift in Sources */,
				F304E7272087DE40006268B8 /* PostTableViewCell.swift in Sources */,
				F30A3B4220915E8F00577633 /* LearnViewController.swift in Sources */,
				F3B6DE2B208A575A00CBD719 /* LoginViewController.swift in Sources */,
				F353ABF8209AB7ED00DA96F3 /* Comment.swift in Sources */,
				F39018F22093C7D90012BB33 /* EmojiData.swift in Sources */,
				F3B6DE31208A99D400CBD719 /* ProfileViewController.swift in Sources */,
				F353ABEE2098EC3800DA96F3 /* ViewPostViewController.swift in Sources */,
				F379C80B2084F75D00FEC4B9 /* Melo.xcdatamodeld in Sources */,
				F353ABF6209AB11900DA96F3 /* CommentCollectionViewCell.swift in Sources */,
				F39018F02093C4010012BB33 /* NewNoteViewController.swift in Sources */,
				F353ABF2209962FE00DA96F3 /* InputAccessoryView.swift in Sources */,
				F30A3B3F2091257700577633 /* User.swift in Sources */,
				F3B6DE2D208A580300CBD719 /* SignUpViewController.swift in Sources */,
				F304E7432088375E006268B8 /* HomeViewController.swift in Sources */,
				F304E7462088D205006268B8 /* Post.swift in Sources */,
				F39018FA2093DD6C0012BB33 /* NewNoteEntryViewController.swift in Sources */,
			);
			runOnlyForDeploymentPostprocessing = 0;
		};
		F379C8122084F75E00FEC4B9 /* Sources */ = {
			isa = PBXSourcesBuildPhase;
			buildActionMask = 2147483647;
			files = (
				F379C81B2084F75E00FEC4B9 /* MeloTests.swift in Sources */,
			);
			runOnlyForDeploymentPostprocessing = 0;
		};
		F379C81D2084F75E00FEC4B9 /* Sources */ = {
			isa = PBXSourcesBuildPhase;
			buildActionMask = 2147483647;
			files = (
				F379C8262084F75E00FEC4B9 /* MeloUITests.swift in Sources */,
			);
			runOnlyForDeploymentPostprocessing = 0;
		};
/* End PBXSourcesBuildPhase section */

/* Begin PBXTargetDependency section */
		F379C8182084F75E00FEC4B9 /* PBXTargetDependency */ = {
			isa = PBXTargetDependency;
			target = F379C7FE2084F75D00FEC4B9 /* Melo */;
			targetProxy = F379C8172084F75E00FEC4B9 /* PBXContainerItemProxy */;
		};
		F379C8232084F75E00FEC4B9 /* PBXTargetDependency */ = {
			isa = PBXTargetDependency;
			target = F379C7FE2084F75D00FEC4B9 /* Melo */;
			targetProxy = F379C8222084F75E00FEC4B9 /* PBXContainerItemProxy */;
		};
/* End PBXTargetDependency section */

/* Begin PBXVariantGroup section */
		F379C8062084F75D00FEC4B9 /* Main.storyboard */ = {
			isa = PBXVariantGroup;
			children = (
				F379C8072084F75D00FEC4B9 /* Base */,
			);
			name = Main.storyboard;
			sourceTree = "<group>";
		};
		F379C80E2084F75E00FEC4B9 /* LaunchScreen.storyboard */ = {
			isa = PBXVariantGroup;
			children = (
				F379C80F2084F75E00FEC4B9 /* Base */,
			);
			name = LaunchScreen.storyboard;
			sourceTree = "<group>";
		};
/* End PBXVariantGroup section */

/* Begin XCBuildConfiguration section */
		F379C8282084F75E00FEC4B9 /* Debug */ = {
			isa = XCBuildConfiguration;
			buildSettings = {
				ALWAYS_SEARCH_USER_PATHS = NO;
				CLANG_ANALYZER_NONNULL = YES;
				CLANG_ANALYZER_NUMBER_OBJECT_CONVERSION = YES_AGGRESSIVE;
				CLANG_CXX_LANGUAGE_STANDARD = "gnu++14";
				CLANG_CXX_LIBRARY = "libc++";
				CLANG_ENABLE_MODULES = YES;
				CLANG_ENABLE_OBJC_ARC = YES;
				CLANG_ENABLE_OBJC_WEAK = YES;
				CLANG_WARN_BLOCK_CAPTURE_AUTORELEASING = YES;
				CLANG_WARN_BOOL_CONVERSION = YES;
				CLANG_WARN_COMMA = YES;
				CLANG_WARN_CONSTANT_CONVERSION = YES;
				CLANG_WARN_DEPRECATED_OBJC_IMPLEMENTATIONS = YES;
				CLANG_WARN_DIRECT_OBJC_ISA_USAGE = YES_ERROR;
				CLANG_WARN_DOCUMENTATION_COMMENTS = YES;
				CLANG_WARN_EMPTY_BODY = YES;
				CLANG_WARN_ENUM_CONVERSION = YES;
				CLANG_WARN_INFINITE_RECURSION = YES;
				CLANG_WARN_INT_CONVERSION = YES;
				CLANG_WARN_NON_LITERAL_NULL_CONVERSION = YES;
				CLANG_WARN_OBJC_IMPLICIT_RETAIN_SELF = YES;
				CLANG_WARN_OBJC_LITERAL_CONVERSION = YES;
				CLANG_WARN_OBJC_ROOT_CLASS = YES_ERROR;
				CLANG_WARN_RANGE_LOOP_ANALYSIS = YES;
				CLANG_WARN_STRICT_PROTOTYPES = YES;
				CLANG_WARN_SUSPICIOUS_MOVE = YES;
				CLANG_WARN_UNGUARDED_AVAILABILITY = YES_AGGRESSIVE;
				CLANG_WARN_UNREACHABLE_CODE = YES;
				CLANG_WARN__DUPLICATE_METHOD_MATCH = YES;
				CODE_SIGN_IDENTITY = "iPhone Developer";
				COPY_PHASE_STRIP = NO;
				DEBUG_INFORMATION_FORMAT = dwarf;
				ENABLE_STRICT_OBJC_MSGSEND = YES;
				ENABLE_TESTABILITY = YES;
				GCC_C_LANGUAGE_STANDARD = gnu11;
				GCC_DYNAMIC_NO_PIC = NO;
				GCC_NO_COMMON_BLOCKS = YES;
				GCC_OPTIMIZATION_LEVEL = 0;
				GCC_PREPROCESSOR_DEFINITIONS = (
					"DEBUG=1",
					"$(inherited)",
				);
				GCC_WARN_64_TO_32_BIT_CONVERSION = YES;
				GCC_WARN_ABOUT_RETURN_TYPE = YES_ERROR;
				GCC_WARN_UNDECLARED_SELECTOR = YES;
				GCC_WARN_UNINITIALIZED_AUTOS = YES_AGGRESSIVE;
				GCC_WARN_UNUSED_FUNCTION = YES;
				GCC_WARN_UNUSED_VARIABLE = YES;
				IPHONEOS_DEPLOYMENT_TARGET = 11.3;
				MTL_ENABLE_DEBUG_INFO = YES;
				ONLY_ACTIVE_ARCH = YES;
				SDKROOT = iphoneos;
				SWIFT_ACTIVE_COMPILATION_CONDITIONS = DEBUG;
				SWIFT_OPTIMIZATION_LEVEL = "-Onone";
			};
			name = Debug;
		};
		F379C8292084F75E00FEC4B9 /* Release */ = {
			isa = XCBuildConfiguration;
			buildSettings = {
				ALWAYS_SEARCH_USER_PATHS = NO;
				CLANG_ANALYZER_NONNULL = YES;
				CLANG_ANALYZER_NUMBER_OBJECT_CONVERSION = YES_AGGRESSIVE;
				CLANG_CXX_LANGUAGE_STANDARD = "gnu++14";
				CLANG_CXX_LIBRARY = "libc++";
				CLANG_ENABLE_MODULES = YES;
				CLANG_ENABLE_OBJC_ARC = YES;
				CLANG_ENABLE_OBJC_WEAK = YES;
				CLANG_WARN_BLOCK_CAPTURE_AUTORELEASING = YES;
				CLANG_WARN_BOOL_CONVERSION = YES;
				CLANG_WARN_COMMA = YES;
				CLANG_WARN_CONSTANT_CONVERSION = YES;
				CLANG_WARN_DEPRECATED_OBJC_IMPLEMENTATIONS = YES;
				CLANG_WARN_DIRECT_OBJC_ISA_USAGE = YES_ERROR;
				CLANG_WARN_DOCUMENTATION_COMMENTS = YES;
				CLANG_WARN_EMPTY_BODY = YES;
				CLANG_WARN_ENUM_CONVERSION = YES;
				CLANG_WARN_INFINITE_RECURSION = YES;
				CLANG_WARN_INT_CONVERSION = YES;
				CLANG_WARN_NON_LITERAL_NULL_CONVERSION = YES;
				CLANG_WARN_OBJC_IMPLICIT_RETAIN_SELF = YES;
				CLANG_WARN_OBJC_LITERAL_CONVERSION = YES;
				CLANG_WARN_OBJC_ROOT_CLASS = YES_ERROR;
				CLANG_WARN_RANGE_LOOP_ANALYSIS = YES;
				CLANG_WARN_STRICT_PROTOTYPES = YES;
				CLANG_WARN_SUSPICIOUS_MOVE = YES;
				CLANG_WARN_UNGUARDED_AVAILABILITY = YES_AGGRESSIVE;
				CLANG_WARN_UNREACHABLE_CODE = YES;
				CLANG_WARN__DUPLICATE_METHOD_MATCH = YES;
				CODE_SIGN_IDENTITY = "iPhone Developer";
				COPY_PHASE_STRIP = NO;
				DEBUG_INFORMATION_FORMAT = "dwarf-with-dsym";
				ENABLE_NS_ASSERTIONS = NO;
				ENABLE_STRICT_OBJC_MSGSEND = YES;
				GCC_C_LANGUAGE_STANDARD = gnu11;
				GCC_NO_COMMON_BLOCKS = YES;
				GCC_WARN_64_TO_32_BIT_CONVERSION = YES;
				GCC_WARN_ABOUT_RETURN_TYPE = YES_ERROR;
				GCC_WARN_UNDECLARED_SELECTOR = YES;
				GCC_WARN_UNINITIALIZED_AUTOS = YES_AGGRESSIVE;
				GCC_WARN_UNUSED_FUNCTION = YES;
				GCC_WARN_UNUSED_VARIABLE = YES;
				IPHONEOS_DEPLOYMENT_TARGET = 11.3;
				MTL_ENABLE_DEBUG_INFO = NO;
				SDKROOT = iphoneos;
				SWIFT_COMPILATION_MODE = wholemodule;
				SWIFT_OPTIMIZATION_LEVEL = "-O";
				VALIDATE_PRODUCT = YES;
			};
			name = Release;
		};
		F379C82B2084F75E00FEC4B9 /* Debug */ = {
			isa = XCBuildConfiguration;
			baseConfigurationReference = 5AF5DAB14761285244CCD7B7 /* Pods-Melo.debug.xcconfig */;
			buildSettings = {
				ASSETCATALOG_COMPILER_APPICON_NAME = AppIcon;
				CODE_SIGN_STYLE = Automatic;
				DEVELOPMENT_TEAM = 2V8NNTRP25;
				INFOPLIST_FILE = Melo/Info.plist;
				LD_RUNPATH_SEARCH_PATHS = (
					"$(inherited)",
					"@executable_path/Frameworks",
				);
				PRODUCT_BUNDLE_IDENTIFIER = com.wearemelo.Melo;
				PRODUCT_NAME = "$(TARGET_NAME)";
				SWIFT_VERSION = 4.0;
				TARGETED_DEVICE_FAMILY = "1,2";
			};
			name = Debug;
		};
		F379C82C2084F75E00FEC4B9 /* Release */ = {
			isa = XCBuildConfiguration;
			baseConfigurationReference = 08D06821EDA771E686ED42BB /* Pods-Melo.release.xcconfig */;
			buildSettings = {
				ASSETCATALOG_COMPILER_APPICON_NAME = AppIcon;
				CODE_SIGN_STYLE = Automatic;
				DEVELOPMENT_TEAM = 2V8NNTRP25;
				INFOPLIST_FILE = Melo/Info.plist;
				LD_RUNPATH_SEARCH_PATHS = (
					"$(inherited)",
					"@executable_path/Frameworks",
				);
				PRODUCT_BUNDLE_IDENTIFIER = com.wearemelo.Melo;
				PRODUCT_NAME = "$(TARGET_NAME)";
				SWIFT_VERSION = 4.0;
				TARGETED_DEVICE_FAMILY = "1,2";
			};
			name = Release;
		};
		F379C82E2084F75E00FEC4B9 /* Debug */ = {
			isa = XCBuildConfiguration;
			baseConfigurationReference = 07C52B08B1328D0D55F3499A /* Pods-MeloTests.debug.xcconfig */;
			buildSettings = {
				ALWAYS_EMBED_SWIFT_STANDARD_LIBRARIES = YES;
				BUNDLE_LOADER = "$(TEST_HOST)";
				CODE_SIGN_STYLE = Automatic;
				DEVELOPMENT_TEAM = 2V8NNTRP25;
				INFOPLIST_FILE = MeloTests/Info.plist;
				LD_RUNPATH_SEARCH_PATHS = (
					"$(inherited)",
					"@executable_path/Frameworks",
					"@loader_path/Frameworks",
				);
				PRODUCT_BUNDLE_IDENTIFIER = com.wearemelo.MeloTests;
				PRODUCT_NAME = "$(TARGET_NAME)";
				SWIFT_VERSION = 4.0;
				TARGETED_DEVICE_FAMILY = "1,2";
				TEST_HOST = "$(BUILT_PRODUCTS_DIR)/Melo.app/Melo";
			};
			name = Debug;
		};
		F379C82F2084F75E00FEC4B9 /* Release */ = {
			isa = XCBuildConfiguration;
			baseConfigurationReference = 7A3843AE5DD8425ECA29A4A2 /* Pods-MeloTests.release.xcconfig */;
			buildSettings = {
				ALWAYS_EMBED_SWIFT_STANDARD_LIBRARIES = YES;
				BUNDLE_LOADER = "$(TEST_HOST)";
				CODE_SIGN_STYLE = Automatic;
				DEVELOPMENT_TEAM = 2V8NNTRP25;
				INFOPLIST_FILE = MeloTests/Info.plist;
				LD_RUNPATH_SEARCH_PATHS = (
					"$(inherited)",
					"@executable_path/Frameworks",
					"@loader_path/Frameworks",
				);
				PRODUCT_BUNDLE_IDENTIFIER = com.wearemelo.MeloTests;
				PRODUCT_NAME = "$(TARGET_NAME)";
				SWIFT_VERSION = 4.0;
				TARGETED_DEVICE_FAMILY = "1,2";
				TEST_HOST = "$(BUILT_PRODUCTS_DIR)/Melo.app/Melo";
			};
			name = Release;
		};
		F379C8312084F75E00FEC4B9 /* Debug */ = {
			isa = XCBuildConfiguration;
			baseConfigurationReference = 894886F9B06893BEEB0BF7E0 /* Pods-MeloUITests.debug.xcconfig */;
			buildSettings = {
				ALWAYS_EMBED_SWIFT_STANDARD_LIBRARIES = YES;
				CODE_SIGN_STYLE = Automatic;
				DEVELOPMENT_TEAM = 2V8NNTRP25;
				INFOPLIST_FILE = MeloUITests/Info.plist;
				LD_RUNPATH_SEARCH_PATHS = (
					"$(inherited)",
					"@executable_path/Frameworks",
					"@loader_path/Frameworks",
				);
				PRODUCT_BUNDLE_IDENTIFIER = com.wearemelo.MeloUITests;
				PRODUCT_NAME = "$(TARGET_NAME)";
				SWIFT_VERSION = 4.0;
				TARGETED_DEVICE_FAMILY = "1,2";
				TEST_TARGET_NAME = Melo;
			};
			name = Debug;
		};
		F379C8322084F75E00FEC4B9 /* Release */ = {
			isa = XCBuildConfiguration;
			baseConfigurationReference = 400A0773A44729A0C020BED1 /* Pods-MeloUITests.release.xcconfig */;
			buildSettings = {
				ALWAYS_EMBED_SWIFT_STANDARD_LIBRARIES = YES;
				CODE_SIGN_STYLE = Automatic;
				DEVELOPMENT_TEAM = 2V8NNTRP25;
				INFOPLIST_FILE = MeloUITests/Info.plist;
				LD_RUNPATH_SEARCH_PATHS = (
					"$(inherited)",
					"@executable_path/Frameworks",
					"@loader_path/Frameworks",
				);
				PRODUCT_BUNDLE_IDENTIFIER = com.wearemelo.MeloUITests;
				PRODUCT_NAME = "$(TARGET_NAME)";
				SWIFT_VERSION = 4.0;
				TARGETED_DEVICE_FAMILY = "1,2";
				TEST_TARGET_NAME = Melo;
			};
			name = Release;
		};
/* End XCBuildConfiguration section */

/* Begin XCConfigurationList section */
		F379C7FA2084F75D00FEC4B9 /* Build configuration list for PBXProject "Melo" */ = {
			isa = XCConfigurationList;
			buildConfigurations = (
				F379C8282084F75E00FEC4B9 /* Debug */,
				F379C8292084F75E00FEC4B9 /* Release */,
			);
			defaultConfigurationIsVisible = 0;
			defaultConfigurationName = Release;
		};
		F379C82A2084F75E00FEC4B9 /* Build configuration list for PBXNativeTarget "Melo" */ = {
			isa = XCConfigurationList;
			buildConfigurations = (
				F379C82B2084F75E00FEC4B9 /* Debug */,
				F379C82C2084F75E00FEC4B9 /* Release */,
			);
			defaultConfigurationIsVisible = 0;
			defaultConfigurationName = Release;
		};
		F379C82D2084F75E00FEC4B9 /* Build configuration list for PBXNativeTarget "MeloTests" */ = {
			isa = XCConfigurationList;
			buildConfigurations = (
				F379C82E2084F75E00FEC4B9 /* Debug */,
				F379C82F2084F75E00FEC4B9 /* Release */,
			);
			defaultConfigurationIsVisible = 0;
			defaultConfigurationName = Release;
		};
		F379C8302084F75E00FEC4B9 /* Build configuration list for PBXNativeTarget "MeloUITests" */ = {
			isa = XCConfigurationList;
			buildConfigurations = (
				F379C8312084F75E00FEC4B9 /* Debug */,
				F379C8322084F75E00FEC4B9 /* Release */,
			);
			defaultConfigurationIsVisible = 0;
			defaultConfigurationName = Release;
		};
/* End XCConfigurationList section */

/* Begin XCVersionGroup section */
		F379C8092084F75D00FEC4B9 /* Melo.xcdatamodeld */ = {
			isa = XCVersionGroup;
			children = (
				F379C80A2084F75D00FEC4B9 /* Melo.xcdatamodel */,
			);
			currentVersion = F379C80A2084F75D00FEC4B9 /* Melo.xcdatamodel */;
			path = Melo.xcdatamodeld;
			sourceTree = "<group>";
			versionGroupType = wrapper.xcdatamodel;
		};
/* End XCVersionGroup section */
	};
	rootObject = F379C7F72084F75D00FEC4B9 /* Project object */;
}
